
Microsoft Visual Studio Solution File, Format Version 12.00
Project("{FAE04EC0-301F-11D3-BF4B-00C04F79EFBC}") = "DotnetPetSearch.API", "DotnetPetSearch.API\DotnetPetSearch.API.csproj", "{5A1AF512-6A6A-4F3D-993C-ECF4AEFF35E3}"
EndProject
Project("{FAE04EC0-301F-11D3-BF4B-00C04F79EFBC}") = "DotnetPetSearch.MapBoxHttpClient", "DotnetPetSearch.MapBoxHttpClient\DotnetPetSearch.MapBoxHttpClient.csproj", "{7F55317D-7818-4323-A98E-4DC4CEC44E6F}"
EndProject
Project("{FAE04EC0-301F-11D3-BF4B-00C04F79EFBC}") = "DotnetPetSearch.MapBoxHttpClient.Tests", "DotnetPetSearch.MapBoxHttpClient.Tests\DotnetPetSearch.MapBoxHttpClient.Tests.csproj", "{E8388C9E-CA66-4E1C-AD68-2DBBF6075006}"
EndProject
Project("{FAE04EC0-301F-11D3-BF4B-00C04F79EFBC}") = "DotnetPetSearch.PetFinderHttpClient", "DotnetPetSearch.PetFinderHttpClient\DotnetPetSearch.PetFinderHttpClient.csproj", "{7E17C3B0-0C2E-47B5-A17D-EB552CCBA1E2}"
EndProject
Project("{FAE04EC0-301F-11D3-BF4B-00C04F79EFBC}") = "DotnetPetSearch.Data", "DotnetPetSearch.Data\DotnetPetSearch.Data.csproj", "{549AE888-ABDA-4D61-A558-9C6AEA5FAED8}"
EndProject
Project("{FAE04EC0-301F-11D3-BF4B-00C04F79EFBC}") = "DotnetPetSearch.PetFinderHttpClient.Tests", "DotnetPetSearch.PetFinderHttpClient.Tests\DotnetPetSearch.PetFinderHttpClient.Tests.csproj", "{C074E408-681E-451D-9706-4B9EE5FC1CDD}"
EndProject
Project("{FAE04EC0-301F-11D3-BF4B-00C04F79EFBC}") = "DotnetPetSearch.Data.Tests", "DotnetPetSearch.Data.Tests\DotnetPetSearch.Data.Tests.csproj", "{33853169-E79C-4A9D-B452-74D17ED13C2F}"
EndProject
Project("{FAE04EC0-301F-11D3-BF4B-00C04F79EFBC}") = "DotnetPetSearch.API.Tests", "DotnetPetSearch.API.Tests\DotnetPetSearch.API.Tests.csproj", "{A7D6F7EC-3AB3-4A9F-A8D6-22B3088E834E}"
EndProject
Global
	GlobalSection(SolutionConfigurationPlatforms) = preSolution
		Debug|Any CPU = Debug|Any CPU
		Release|Any CPU = Release|Any CPU
	EndGlobalSection
	GlobalSection(ProjectConfigurationPlatforms) = postSolution
		{5A1AF512-6A6A-4F3D-993C-ECF4AEFF35E3}.Debug|Any CPU.ActiveCfg = Debug|Any CPU
		{5A1AF512-6A6A-4F3D-993C-ECF4AEFF35E3}.Debug|Any CPU.Build.0 = Debug|Any CPU
		{5A1AF512-6A6A-4F3D-993C-ECF4AEFF35E3}.Release|Any CPU.ActiveCfg = Release|Any CPU
		{5A1AF512-6A6A-4F3D-993C-ECF4AEFF35E3}.Release|Any CPU.Build.0 = Release|Any CPU
		{7F55317D-7818-4323-A98E-4DC4CEC44E6F}.Debug|Any CPU.ActiveCfg = Debug|Any CPU
		{7F55317D-7818-4323-A98E-4DC4CEC44E6F}.Debug|Any CPU.Build.0 = Debug|Any CPU
		{7F55317D-7818-4323-A98E-4DC4CEC44E6F}.Release|Any CPU.ActiveCfg = Release|Any CPU
		{7F55317D-7818-4323-A98E-4DC4CEC44E6F}.Release|Any CPU.Build.0 = Release|Any CPU
		{E8388C9E-CA66-4E1C-AD68-2DBBF6075006}.Debug|Any CPU.ActiveCfg = Debug|Any CPU
		{E8388C9E-CA66-4E1C-AD68-2DBBF6075006}.Debug|Any CPU.Build.0 = Debug|Any CPU
		{E8388C9E-CA66-4E1C-AD68-2DBBF6075006}.Release|Any CPU.ActiveCfg = Release|Any CPU
		{E8388C9E-CA66-4E1C-AD68-2DBBF6075006}.Release|Any CPU.Build.0 = Release|Any CPU
		{7E17C3B0-0C2E-47B5-A17D-EB552CCBA1E2}.Debug|Any CPU.ActiveCfg = Debug|Any CPU
		{7E17C3B0-0C2E-47B5-A17D-EB552CCBA1E2}.Debug|Any CPU.Build.0 = Debug|Any CPU
		{7E17C3B0-0C2E-47B5-A17D-EB552CCBA1E2}.Release|Any CPU.ActiveCfg = Release|Any CPU
		{7E17C3B0-0C2E-47B5-A17D-EB552CCBA1E2}.Release|Any CPU.Build.0 = Release|Any CPU
		{549AE888-ABDA-4D61-A558-9C6AEA5FAED8}.Debug|Any CPU.ActiveCfg = Debug|Any CPU
		{549AE888-ABDA-4D61-A558-9C6AEA5FAED8}.Debug|Any CPU.Build.0 = Debug|Any CPU
		{549AE888-ABDA-4D61-A558-9C6AEA5FAED8}.Release|Any CPU.ActiveCfg = Release|Any CPU
		{549AE888-ABDA-4D61-A558-9C6AEA5FAED8}.Release|Any CPU.Build.0 = Release|Any CPU
		{C074E408-681E-451D-9706-4B9EE5FC1CDD}.Debug|Any CPU.ActiveCfg = Debug|Any CPU
		{C074E408-681E-451D-9706-4B9EE5FC1CDD}.Debug|Any CPU.Build.0 = Debug|Any CPU
		{C074E408-681E-451D-9706-4B9EE5FC1CDD}.Release|Any CPU.ActiveCfg = Release|Any CPU
		{C074E408-681E-451D-9706-4B9EE5FC1CDD}.Release|Any CPU.Build.0 = Release|Any CPU
		{33853169-E79C-4A9D-B452-74D17ED13C2F}.Debug|Any CPU.ActiveCfg = Debug|Any CPU
		{33853169-E79C-4A9D-B452-74D17ED13C2F}.Debug|Any CPU.Build.0 = Debug|Any CPU
		{33853169-E79C-4A9D-B452-74D17ED13C2F}.Release|Any CPU.ActiveCfg = Release|Any CPU
		{33853169-E79C-4A9D-B452-74D17ED13C2F}.Release|Any CPU.Build.0 = Release|Any CPU
		{A7D6F7EC-3AB3-4A9F-A8D6-22B3088E834E}.Debug|Any CPU.ActiveCfg = Debug|Any CPU
		{A7D6F7EC-3AB3-4A9F-A8D6-22B3088E834E}.Debug|Any CPU.Build.0 = Debug|Any CPU
		{A7D6F7EC-3AB3-4A9F-A8D6-22B3088E834E}.Release|Any CPU.ActiveCfg = Release|Any CPU
		{A7D6F7EC-3AB3-4A9F-A8D6-22B3088E834E}.Release|Any CPU.Build.0 = Release|Any CPU
	EndGlobalSection
EndGlobal
